<Solution>
  <Folder Name="/Z_SolutionItems/">
    <File Path=".gitignore" />
    <File Path="source/.editorconfig" />
    <File Path="source/.runsettings" />
    <File Path="LICENSE" />
    <File Path="README.md" />
    <File Path="Release_Notes.md" />
  </Folder>
  <Folder Name="/Z_SolutionItems/.github/" />
  <Folder Name="/Z_SolutionItems/.github/ISSUE_TEMPLATE/">
    <File Path=".github/ISSUE_TEMPLATE/bug_report.md" />
  </Folder>
  <Folder Name="/Z_SolutionItems/.github/workflows/">
    <File Path=".github/workflows/dotnet.yml" />
    <File Path=".github/workflows/Publish_Alpha.yml" />
    <File Path=".github/workflows/Publish_Beta.yml" />
    <File Path=".github/workflows/Publish_Release.yml" />
  </Folder>
  <Project Path="source/NUnitForms.Recorder.Application/NUnitForms.Recorder.Application.csproj" Id="bc434de1-6c78-4216-904a-4c55b5eace88" />
  <Project Path="source/NUnitForms.Recorder/NUnitForms.Recorder.csproj" Id="daab0423-50e1-4868-b5a7-07d47bf7ce45" />
  <Project Path="source/NUnitForms.Test/NUnitForms.Test.csproj" Id="e779cbd7-1cce-4796-ae12-00ab56a8a815" />
  <Project Path="source/NUnitForms/NUnitForms.csproj" Id="e579acda-8c4f-4e35-a18b-c001d9eecd2b" />
</Solution>
